
Microsoft Visual Studio Solution File, Format Version 12.00
# Visual Studio Version 17
VisualStudioVersion = 17.8.34511.84
MinimumVisualStudioVersion = 10.0.40219.1
Project("{FAE04EC0-301F-11D3-BF4B-00C04F79EFBC}") = "Pract2WPF", "Pract2WPF\Pract2WPF.csproj", "{2DADEBB8-95EC-43A1-9282-C81CF5FA597E}"
EndProject
Global
	GlobalSection(SolutionConfigurationPlatforms) = preSolution
		Debug|Any CPU = Debug|Any CPU
		Release|Any CPU = Release|Any CPU
	EndGlobalSection
	GlobalSection(ProjectConfigurationPlatforms) = postSolution
		{2DADEBB8-95EC-43A1-9282-C81CF5FA597E}.Debug|Any CPU.ActiveCfg = Debug|Any CPU
		{2DADEBB8-95EC-43A1-9282-C81CF5FA597E}.Debug|Any CPU.Build.0 = Debug|Any CPU
		{2DADEBB8-95EC-43A1-9282-C81CF5FA597E}.Release|Any CPU.ActiveCfg = Release|Any CPU
		{2DADEBB8-95EC-43A1-9282-C81CF5FA597E}.Release|Any CPU.Build.0 = Release|Any CPU
	EndGlobalSection
	GlobalSection(SolutionProperties) = preSolution
		HideSolutionNode = FALSE
	EndGlobalSection
	GlobalSection(ExtensibilityGlobals) = postSolution
		SolutionGuid = {48B02B32-4C6C-40DA-BD20-95E639212FB0}
	EndGlobalSection
EndGlobal
